
Microsoft Visual Studio Solution File, Format Version 12.00
Project("{FAE04EC0-301F-11D3-BF4B-00C04F79EFBC}") = "DaprServiceInvocationDemo.Api", "DaprServiceInvocationDemo.Api\DaprServiceInvocationDemo.Api.csproj", "{DA0D0E83-4612-45E5-85D5-580B8EF70946}"
EndProject
Project("{FAE04EC0-301F-11D3-BF4B-00C04F79EFBC}") = "DaprServiceInvocationDemo.Client", "DaprServiceInvocationDemo.Client\DaprServiceInvocationDemo.Client.csproj", "{BF0FEB1F-AFA4-410B-BC32-53FFEFCC283C}"
EndProject
Project("{FAE04EC0-301F-11D3-BF4B-00C04F79EFBC}") = "DaprServiceInvocationDemo.DomainModels", "DaprServiceInvocationDemo.DomainModels\DaprServiceInvocationDemo.DomainModels.csproj", "{0CE73FE7-98FA-408A-9BDA-02771AF784BD}"
EndProject
Project("{FAE04EC0-301F-11D3-BF4B-00C04F79EFBC}") = "DaprServiceInvocationDemo.UI", "DaprServiceInvocationDemo.UI\DaprServiceInvocationDemo.UI.csproj", "{15F1824E-DBFC-4A53-94A8-B70CA307BBE2}"
EndProject
Global
	GlobalSection(SolutionConfigurationPlatforms) = preSolution
		Debug|Any CPU = Debug|Any CPU
		Release|Any CPU = Release|Any CPU
	EndGlobalSection
	GlobalSection(ProjectConfigurationPlatforms) = postSolution
		{DA0D0E83-4612-45E5-85D5-580B8EF70946}.Debug|Any CPU.ActiveCfg = Debug|Any CPU
		{DA0D0E83-4612-45E5-85D5-580B8EF70946}.Debug|Any CPU.Build.0 = Debug|Any CPU
		{DA0D0E83-4612-45E5-85D5-580B8EF70946}.Release|Any CPU.ActiveCfg = Release|Any CPU
		{DA0D0E83-4612-45E5-85D5-580B8EF70946}.Release|Any CPU.Build.0 = Release|Any CPU
		{BF0FEB1F-AFA4-410B-BC32-53FFEFCC283C}.Debug|Any CPU.ActiveCfg = Debug|Any CPU
		{BF0FEB1F-AFA4-410B-BC32-53FFEFCC283C}.Debug|Any CPU.Build.0 = Debug|Any CPU
		{BF0FEB1F-AFA4-410B-BC32-53FFEFCC283C}.Release|Any CPU.ActiveCfg = Release|Any CPU
		{BF0FEB1F-AFA4-410B-BC32-53FFEFCC283C}.Release|Any CPU.Build.0 = Release|Any CPU
		{0CE73FE7-98FA-408A-9BDA-02771AF784BD}.Debug|Any CPU.ActiveCfg = Debug|Any CPU
		{0CE73FE7-98FA-408A-9BDA-02771AF784BD}.Debug|Any CPU.Build.0 = Debug|Any CPU
		{0CE73FE7-98FA-408A-9BDA-02771AF784BD}.Release|Any CPU.ActiveCfg = Release|Any CPU
		{0CE73FE7-98FA-408A-9BDA-02771AF784BD}.Release|Any CPU.Build.0 = Release|Any CPU
		{15F1824E-DBFC-4A53-94A8-B70CA307BBE2}.Debug|Any CPU.ActiveCfg = Debug|Any CPU
		{15F1824E-DBFC-4A53-94A8-B70CA307BBE2}.Debug|Any CPU.Build.0 = Debug|Any CPU
		{15F1824E-DBFC-4A53-94A8-B70CA307BBE2}.Release|Any CPU.ActiveCfg = Release|Any CPU
		{15F1824E-DBFC-4A53-94A8-B70CA307BBE2}.Release|Any CPU.Build.0 = Release|Any CPU
	EndGlobalSection
EndGlobal
